github.com/esap/wechat v1.1.0 h1:C8pkBctEDfOZPPoeQXvvBgg685F7RyTzEmBUCdni7wE=
github.com/esap/wechat v1.1.0/go.mod h1:f7lC+0od9qnJuBytRNBC0SZuzY0qk97opWHlZE7a1Ho=
github.com/rixingyike/wechat v1.2.2 h1:qlo4wJZGaOJmtQmvOfR/oApraG1A34AHrIJbvzyejvg=
github.com/rixingyike/wechat v1.2.2/go.mod h1:nAvbxKrHjsXS4fY3vmcWfvaarulm+Lm91J10jTYHwJs=
